
Microsoft Visual Studio Solution File, Format Version 12.00
# Visual Studio Version 16
VisualStudioVersion = 16.0.30907.101
MinimumVisualStudioVersion = 10.0.40219.1
Project("{9A19103F-16F7-4668-BE54-9A1E7A4F7556}") = "SACOMaintenance.BuisnessModels", "BuisnessModels\SACOMaintenance.BuisnessModels.csproj", "{6259AC7A-22F6-46C8-9E94-0770285FE486}"
EndProject
Project("{FAE04EC0-301F-11D3-BF4B-00C04F79EFBC}") = "SACOMaintenance.Data", "SACOMaintenance.Data\SACOMaintenance.Data.csproj", "{0BE8CB30-77F8-459D-AB1E-5DDFB2649912}"
EndProject
Global
	GlobalSection(SolutionConfigurationPlatforms) = preSolution
		Debug|Any CPU = Debug|Any CPU
		Release|Any CPU = Release|Any CPU
	EndGlobalSection
	GlobalSection(ProjectConfigurationPlatforms) = postSolution
		{6259AC7A-22F6-46C8-9E94-0770285FE486}.Debug|Any CPU.ActiveCfg = Debug|Any CPU
		{6259AC7A-22F6-46C8-9E94-0770285FE486}.Debug|Any CPU.Build.0 = Debug|Any CPU
		{6259AC7A-22F6-46C8-9E94-0770285FE486}.Release|Any CPU.ActiveCfg = Release|Any CPU
		{6259AC7A-22F6-46C8-9E94-0770285FE486}.Release|Any CPU.Build.0 = Release|Any CPU
		{0BE8CB30-77F8-459D-AB1E-5DDFB2649912}.Debug|Any CPU.ActiveCfg = Debug|Any CPU
		{0BE8CB30-77F8-459D-AB1E-5DDFB2649912}.Debug|Any CPU.Build.0 = Debug|Any CPU
		{0BE8CB30-77F8-459D-AB1E-5DDFB2649912}.Release|Any CPU.ActiveCfg = Release|Any CPU
		{0BE8CB30-77F8-459D-AB1E-5DDFB2649912}.Release|Any CPU.Build.0 = Release|Any CPU
	EndGlobalSection
	GlobalSection(SolutionProperties) = preSolution
		HideSolutionNode = FALSE
	EndGlobalSection
	GlobalSection(ExtensibilityGlobals) = postSolution
		SolutionGuid = {91EA8101-00DF-49A0-B4CE-1F119F603083}
	EndGlobalSection
EndGlobal
