
Microsoft Visual Studio Solution File, Format Version 12.00
# Visual Studio Version 16
VisualStudioVersion = 16.0.30907.101
MinimumVisualStudioVersion = 10.0.40219.1
Project("{9A19103F-16F7-4668-BE54-9A1E7A4F7556}") = "SACOMaintenance.Common", "BuisnessModels\SACOMaintenance.Common.csproj", "{6259AC7A-22F6-46C8-9E94-0770285FE486}"
EndProject
Project("{9A19103F-16F7-4668-BE54-9A1E7A4F7556}") = "SACOMaintenance.Data", "SACOMaintenance.Data\SACOMaintenance.Data.csproj", "{0BE8CB30-77F8-459D-AB1E-5DDFB2649912}"
EndProject
Project("{9A19103F-16F7-4668-BE54-9A1E7A4F7556}") = "SACOMaintenance.DataAccess", "SACOMaintenance.DataAccess\SACOMaintenance.DataAccess.csproj", "{B8600AA4-4BD4-44E2-B235-B8E3E091F394}"
EndProject
Project("{9A19103F-16F7-4668-BE54-9A1E7A4F7556}") = "SACOMaintenance.ViewModel", "SACOMaintenance.ViewModel\SACOMaintenance.ViewModel.csproj", "{B6412468-9BCB-4C2D-9C52-66ACFCCDA3A3}"
EndProject
Project("{2150E333-8FDC-42A3-9474-1A3956D46DE8}") = "Libraries", "Libraries", "{EFC17DA9-AFAA-4DC4-A034-47DE9AF2D26D}"
EndProject
Project("{2150E333-8FDC-42A3-9474-1A3956D46DE8}") = "WinUI", "WinUI", "{7B3B5EB0-B8B8-4562-8C90-C0D9D27A5308}"
EndProject
Project("{C7167F0D-BC9F-4E6E-AFE1-012C56B48DB5}") = "SACOMaintenance.UI (Package)", "SACOMaintenance.UI\SACOMaintenance.UI (Package)\SACOMaintenance.UI (Package).wapproj", "{00B19D91-8E20-47DF-84BF-F714636921CD}"
EndProject
Project("{9A19103F-16F7-4668-BE54-9A1E7A4F7556}") = "SACOMaintenance.UI", "SACOMaintenance.UI\SACOMaintenance.UI\SACOMaintenance.UI.csproj", "{C686EADF-4860-462C-8070-A81F8660E4ED}"
EndProject
Project("{2150E333-8FDC-42A3-9474-1A3956D46DE8}") = "Testing", "Testing", "{A1F3190E-AB4C-4535-A696-6524AE234C26}"
EndProject
Project("{9A19103F-16F7-4668-BE54-9A1E7A4F7556}") = "SACOMaintenance.DbContextTesting", "SACOMaintenance.DbContextTesting\SACOMaintenance.DbContextTesting.csproj", "{FEEEFE1A-688F-4FA6-827F-CACF3FCDC266}"
EndProject
Project("{2150E333-8FDC-42A3-9474-1A3956D46DE8}") = "WinForms", "WinForms", "{999E3184-7226-4909-A5D6-8DDE9F483FB5}"
EndProject
Project("{9A19103F-16F7-4668-BE54-9A1E7A4F7556}") = "SACOMaintenance.WinForms", "SACOMaintenance.WinForms\SACOMaintenance.WinForms.csproj", "{48FFE6BE-7BA1-467E-BAD0-7E87272B5305}"
EndProject
Project("{9A19103F-16F7-4668-BE54-9A1E7A4F7556}") = "SACOMaintenance.Blazor.Server", "SACOMaintenance.Blazor.Server\SACOMaintenance.Blazor.Server.csproj", "{AE77B019-6856-4EC3-B937-520232D190E1}"
EndProject
Project("{9A19103F-16F7-4668-BE54-9A1E7A4F7556}") = "Models.DTO", "Models.DTO\Models.DTO.csproj", "{0CDC1ABA-2EA3-49CE-95EE-5DB6D3998319}"
EndProject
Project("{9A19103F-16F7-4668-BE54-9A1E7A4F7556}") = "ExcelLibs", "ExcelLibs\ExcelLibs.csproj", "{4B80087E-360F-44A8-A803-226E46D19A90}"
EndProject
Global
	GlobalSection(SolutionConfigurationPlatforms) = preSolution
		Debug|Any CPU = Debug|Any CPU
		Debug|arm64 = Debug|arm64
		Debug|x64 = Debug|x64
		Debug|x86 = Debug|x86
		Release|Any CPU = Release|Any CPU
		Release|arm64 = Release|arm64
		Release|x64 = Release|x64
		Release|x86 = Release|x86
	EndGlobalSection
	GlobalSection(ProjectConfigurationPlatforms) = postSolution
		{6259AC7A-22F6-46C8-9E94-0770285FE486}.Debug|Any CPU.ActiveCfg = Debug|Any CPU
		{6259AC7A-22F6-46C8-9E94-0770285FE486}.Debug|Any CPU.Build.0 = Debug|Any CPU
		{6259AC7A-22F6-46C8-9E94-0770285FE486}.Debug|arm64.ActiveCfg = Debug|Any CPU
		{6259AC7A-22F6-46C8-9E94-0770285FE486}.Debug|arm64.Build.0 = Debug|Any CPU
		{6259AC7A-22F6-46C8-9E94-0770285FE486}.Debug|x64.ActiveCfg = Debug|Any CPU
		{6259AC7A-22F6-46C8-9E94-0770285FE486}.Debug|x64.Build.0 = Debug|Any CPU
		{6259AC7A-22F6-46C8-9E94-0770285FE486}.Debug|x86.ActiveCfg = Debug|Any CPU
		{6259AC7A-22F6-46C8-9E94-0770285FE486}.Debug|x86.Build.0 = Debug|Any CPU
		{6259AC7A-22F6-46C8-9E94-0770285FE486}.Release|Any CPU.ActiveCfg = Release|Any CPU
		{6259AC7A-22F6-46C8-9E94-0770285FE486}.Release|Any CPU.Build.0 = Release|Any CPU
		{6259AC7A-22F6-46C8-9E94-0770285FE486}.Release|arm64.ActiveCfg = Release|Any CPU
		{6259AC7A-22F6-46C8-9E94-0770285FE486}.Release|arm64.Build.0 = Release|Any CPU
		{6259AC7A-22F6-46C8-9E94-0770285FE486}.Release|x64.ActiveCfg = Release|Any CPU
		{6259AC7A-22F6-46C8-9E94-0770285FE486}.Release|x64.Build.0 = Release|Any CPU
		{6259AC7A-22F6-46C8-9E94-0770285FE486}.Release|x86.ActiveCfg = Release|Any CPU
		{6259AC7A-22F6-46C8-9E94-0770285FE486}.Release|x86.Build.0 = Release|Any CPU
		{0BE8CB30-77F8-459D-AB1E-5DDFB2649912}.Debug|Any CPU.ActiveCfg = Debug|Any CPU
		{0BE8CB30-77F8-459D-AB1E-5DDFB2649912}.Debug|Any CPU.Build.0 = Debug|Any CPU
		{0BE8CB30-77F8-459D-AB1E-5DDFB2649912}.Debug|arm64.ActiveCfg = Debug|Any CPU
		{0BE8CB30-77F8-459D-AB1E-5DDFB2649912}.Debug|arm64.Build.0 = Debug|Any CPU
		{0BE8CB30-77F8-459D-AB1E-5DDFB2649912}.Debug|x64.ActiveCfg = Debug|Any CPU
		{0BE8CB30-77F8-459D-AB1E-5DDFB2649912}.Debug|x64.Build.0 = Debug|Any CPU
		{0BE8CB30-77F8-459D-AB1E-5DDFB2649912}.Debug|x86.ActiveCfg = Debug|Any CPU
		{0BE8CB30-77F8-459D-AB1E-5DDFB2649912}.Debug|x86.Build.0 = Debug|Any CPU
		{0BE8CB30-77F8-459D-AB1E-5DDFB2649912}.Release|Any CPU.ActiveCfg = Release|Any CPU
		{0BE8CB30-77F8-459D-AB1E-5DDFB2649912}.Release|Any CPU.Build.0 = Release|Any CPU
		{0BE8CB30-77F8-459D-AB1E-5DDFB2649912}.Release|arm64.ActiveCfg = Release|Any CPU
		{0BE8CB30-77F8-459D-AB1E-5DDFB2649912}.Release|arm64.Build.0 = Release|Any CPU
		{0BE8CB30-77F8-459D-AB1E-5DDFB2649912}.Release|x64.ActiveCfg = Release|Any CPU
		{0BE8CB30-77F8-459D-AB1E-5DDFB2649912}.Release|x64.Build.0 = Release|Any CPU
		{0BE8CB30-77F8-459D-AB1E-5DDFB2649912}.Release|x86.ActiveCfg = Release|Any CPU
		{0BE8CB30-77F8-459D-AB1E-5DDFB2649912}.Release|x86.Build.0 = Release|Any CPU
		{B8600AA4-4BD4-44E2-B235-B8E3E091F394}.Debug|Any CPU.ActiveCfg = Debug|Any CPU
		{B8600AA4-4BD4-44E2-B235-B8E3E091F394}.Debug|Any CPU.Build.0 = Debug|Any CPU
		{B8600AA4-4BD4-44E2-B235-B8E3E091F394}.Debug|arm64.ActiveCfg = Debug|Any CPU
		{B8600AA4-4BD4-44E2-B235-B8E3E091F394}.Debug|arm64.Build.0 = Debug|Any CPU
		{B8600AA4-4BD4-44E2-B235-B8E3E091F394}.Debug|x64.ActiveCfg = Debug|Any CPU
		{B8600AA4-4BD4-44E2-B235-B8E3E091F394}.Debug|x64.Build.0 = Debug|Any CPU
		{B8600AA4-4BD4-44E2-B235-B8E3E091F394}.Debug|x86.ActiveCfg = Debug|Any CPU
		{B8600AA4-4BD4-44E2-B235-B8E3E091F394}.Debug|x86.Build.0 = Debug|Any CPU
		{B8600AA4-4BD4-44E2-B235-B8E3E091F394}.Release|Any CPU.ActiveCfg = Release|Any CPU
		{B8600AA4-4BD4-44E2-B235-B8E3E091F394}.Release|Any CPU.Build.0 = Release|Any CPU
		{B8600AA4-4BD4-44E2-B235-B8E3E091F394}.Release|arm64.ActiveCfg = Release|Any CPU
		{B8600AA4-4BD4-44E2-B235-B8E3E091F394}.Release|arm64.Build.0 = Release|Any CPU
		{B8600AA4-4BD4-44E2-B235-B8E3E091F394}.Release|x64.ActiveCfg = Release|Any CPU
		{B8600AA4-4BD4-44E2-B235-B8E3E091F394}.Release|x64.Build.0 = Release|Any CPU
		{B8600AA4-4BD4-44E2-B235-B8E3E091F394}.Release|x86.ActiveCfg = Release|Any CPU
		{B8600AA4-4BD4-44E2-B235-B8E3E091F394}.Release|x86.Build.0 = Release|Any CPU
		{B6412468-9BCB-4C2D-9C52-66ACFCCDA3A3}.Debug|Any CPU.ActiveCfg = Debug|Any CPU
		{B6412468-9BCB-4C2D-9C52-66ACFCCDA3A3}.Debug|Any CPU.Build.0 = Debug|Any CPU
		{B6412468-9BCB-4C2D-9C52-66ACFCCDA3A3}.Debug|arm64.ActiveCfg = Debug|Any CPU
		{B6412468-9BCB-4C2D-9C52-66ACFCCDA3A3}.Debug|arm64.Build.0 = Debug|Any CPU
		{B6412468-9BCB-4C2D-9C52-66ACFCCDA3A3}.Debug|x64.ActiveCfg = Debug|Any CPU
		{B6412468-9BCB-4C2D-9C52-66ACFCCDA3A3}.Debug|x64.Build.0 = Debug|Any CPU
		{B6412468-9BCB-4C2D-9C52-66ACFCCDA3A3}.Debug|x86.ActiveCfg = Debug|Any CPU
		{B6412468-9BCB-4C2D-9C52-66ACFCCDA3A3}.Debug|x86.Build.0 = Debug|Any CPU
		{B6412468-9BCB-4C2D-9C52-66ACFCCDA3A3}.Release|Any CPU.ActiveCfg = Release|Any CPU
		{B6412468-9BCB-4C2D-9C52-66ACFCCDA3A3}.Release|Any CPU.Build.0 = Release|Any CPU
		{B6412468-9BCB-4C2D-9C52-66ACFCCDA3A3}.Release|arm64.ActiveCfg = Release|Any CPU
		{B6412468-9BCB-4C2D-9C52-66ACFCCDA3A3}.Release|arm64.Build.0 = Release|Any CPU
		{B6412468-9BCB-4C2D-9C52-66ACFCCDA3A3}.Release|x64.ActiveCfg = Release|Any CPU
		{B6412468-9BCB-4C2D-9C52-66ACFCCDA3A3}.Release|x64.Build.0 = Release|Any CPU
		{B6412468-9BCB-4C2D-9C52-66ACFCCDA3A3}.Release|x86.ActiveCfg = Release|Any CPU
		{B6412468-9BCB-4C2D-9C52-66ACFCCDA3A3}.Release|x86.Build.0 = Release|Any CPU
		{00B19D91-8E20-47DF-84BF-F714636921CD}.Debug|Any CPU.ActiveCfg = Debug|x86
		{00B19D91-8E20-47DF-84BF-F714636921CD}.Debug|Any CPU.Build.0 = Debug|x86
		{00B19D91-8E20-47DF-84BF-F714636921CD}.Debug|Any CPU.Deploy.0 = Debug|x86
		{00B19D91-8E20-47DF-84BF-F714636921CD}.Debug|arm64.ActiveCfg = Debug|arm64
		{00B19D91-8E20-47DF-84BF-F714636921CD}.Debug|arm64.Build.0 = Debug|arm64
		{00B19D91-8E20-47DF-84BF-F714636921CD}.Debug|arm64.Deploy.0 = Debug|arm64
		{00B19D91-8E20-47DF-84BF-F714636921CD}.Debug|x64.ActiveCfg = Debug|x64
		{00B19D91-8E20-47DF-84BF-F714636921CD}.Debug|x64.Build.0 = Debug|x64
		{00B19D91-8E20-47DF-84BF-F714636921CD}.Debug|x64.Deploy.0 = Debug|x64
		{00B19D91-8E20-47DF-84BF-F714636921CD}.Debug|x86.ActiveCfg = Debug|x86
		{00B19D91-8E20-47DF-84BF-F714636921CD}.Debug|x86.Build.0 = Debug|x86
		{00B19D91-8E20-47DF-84BF-F714636921CD}.Debug|x86.Deploy.0 = Debug|x86
		{00B19D91-8E20-47DF-84BF-F714636921CD}.Release|Any CPU.ActiveCfg = Release|x86
		{00B19D91-8E20-47DF-84BF-F714636921CD}.Release|arm64.ActiveCfg = Release|arm64
		{00B19D91-8E20-47DF-84BF-F714636921CD}.Release|arm64.Build.0 = Release|arm64
		{00B19D91-8E20-47DF-84BF-F714636921CD}.Release|arm64.Deploy.0 = Release|arm64
		{00B19D91-8E20-47DF-84BF-F714636921CD}.Release|x64.ActiveCfg = Release|x64
		{00B19D91-8E20-47DF-84BF-F714636921CD}.Release|x64.Build.0 = Release|x64
		{00B19D91-8E20-47DF-84BF-F714636921CD}.Release|x64.Deploy.0 = Release|x64
		{00B19D91-8E20-47DF-84BF-F714636921CD}.Release|x86.ActiveCfg = Release|x86
		{00B19D91-8E20-47DF-84BF-F714636921CD}.Release|x86.Build.0 = Release|x86
		{00B19D91-8E20-47DF-84BF-F714636921CD}.Release|x86.Deploy.0 = Release|x86
		{C686EADF-4860-462C-8070-A81F8660E4ED}.Debug|Any CPU.ActiveCfg = Debug|x86
		{C686EADF-4860-462C-8070-A81F8660E4ED}.Debug|Any CPU.Build.0 = Debug|x86
		{C686EADF-4860-462C-8070-A81F8660E4ED}.Debug|arm64.ActiveCfg = Debug|arm64
		{C686EADF-4860-462C-8070-A81F8660E4ED}.Debug|arm64.Build.0 = Debug|arm64
		{C686EADF-4860-462C-8070-A81F8660E4ED}.Debug|x64.ActiveCfg = Debug|x64
		{C686EADF-4860-462C-8070-A81F8660E4ED}.Debug|x64.Build.0 = Debug|x64
		{C686EADF-4860-462C-8070-A81F8660E4ED}.Debug|x86.ActiveCfg = Debug|x86
		{C686EADF-4860-462C-8070-A81F8660E4ED}.Debug|x86.Build.0 = Debug|x86
		{C686EADF-4860-462C-8070-A81F8660E4ED}.Release|Any CPU.ActiveCfg = Release|x86
		{C686EADF-4860-462C-8070-A81F8660E4ED}.Release|arm64.ActiveCfg = Release|arm64
		{C686EADF-4860-462C-8070-A81F8660E4ED}.Release|arm64.Build.0 = Release|arm64
		{C686EADF-4860-462C-8070-A81F8660E4ED}.Release|x64.ActiveCfg = Release|x64
		{C686EADF-4860-462C-8070-A81F8660E4ED}.Release|x64.Build.0 = Release|x64
		{C686EADF-4860-462C-8070-A81F8660E4ED}.Release|x86.ActiveCfg = Release|x86
		{C686EADF-4860-462C-8070-A81F8660E4ED}.Release|x86.Build.0 = Release|x86
		{FEEEFE1A-688F-4FA6-827F-CACF3FCDC266}.Debug|Any CPU.ActiveCfg = Debug|Any CPU
		{FEEEFE1A-688F-4FA6-827F-CACF3FCDC266}.Debug|Any CPU.Build.0 = Debug|Any CPU
		{FEEEFE1A-688F-4FA6-827F-CACF3FCDC266}.Debug|arm64.ActiveCfg = Debug|Any CPU
		{FEEEFE1A-688F-4FA6-827F-CACF3FCDC266}.Debug|arm64.Build.0 = Debug|Any CPU
		{FEEEFE1A-688F-4FA6-827F-CACF3FCDC266}.Debug|x64.ActiveCfg = Debug|Any CPU
		{FEEEFE1A-688F-4FA6-827F-CACF3FCDC266}.Debug|x64.Build.0 = Debug|Any CPU
		{FEEEFE1A-688F-4FA6-827F-CACF3FCDC266}.Debug|x86.ActiveCfg = Debug|Any CPU
		{FEEEFE1A-688F-4FA6-827F-CACF3FCDC266}.Debug|x86.Build.0 = Debug|Any CPU
		{FEEEFE1A-688F-4FA6-827F-CACF3FCDC266}.Release|Any CPU.ActiveCfg = Release|Any CPU
		{FEEEFE1A-688F-4FA6-827F-CACF3FCDC266}.Release|Any CPU.Build.0 = Release|Any CPU
		{FEEEFE1A-688F-4FA6-827F-CACF3FCDC266}.Release|arm64.ActiveCfg = Release|Any CPU
		{FEEEFE1A-688F-4FA6-827F-CACF3FCDC266}.Release|arm64.Build.0 = Release|Any CPU
		{FEEEFE1A-688F-4FA6-827F-CACF3FCDC266}.Release|x64.ActiveCfg = Release|Any CPU
		{FEEEFE1A-688F-4FA6-827F-CACF3FCDC266}.Release|x64.Build.0 = Release|Any CPU
		{FEEEFE1A-688F-4FA6-827F-CACF3FCDC266}.Release|x86.ActiveCfg = Release|Any CPU
		{FEEEFE1A-688F-4FA6-827F-CACF3FCDC266}.Release|x86.Build.0 = Release|Any CPU
		{48FFE6BE-7BA1-467E-BAD0-7E87272B5305}.Debug|Any CPU.ActiveCfg = Debug|Any CPU
		{48FFE6BE-7BA1-467E-BAD0-7E87272B5305}.Debug|Any CPU.Build.0 = Debug|Any CPU
		{48FFE6BE-7BA1-467E-BAD0-7E87272B5305}.Debug|arm64.ActiveCfg = Debug|Any CPU
		{48FFE6BE-7BA1-467E-BAD0-7E87272B5305}.Debug|arm64.Build.0 = Debug|Any CPU
		{48FFE6BE-7BA1-467E-BAD0-7E87272B5305}.Debug|x64.ActiveCfg = Debug|Any CPU
		{48FFE6BE-7BA1-467E-BAD0-7E87272B5305}.Debug|x64.Build.0 = Debug|Any CPU
		{48FFE6BE-7BA1-467E-BAD0-7E87272B5305}.Debug|x86.ActiveCfg = Debug|Any CPU
		{48FFE6BE-7BA1-467E-BAD0-7E87272B5305}.Debug|x86.Build.0 = Debug|Any CPU
		{48FFE6BE-7BA1-467E-BAD0-7E87272B5305}.Release|Any CPU.ActiveCfg = Release|Any CPU
		{48FFE6BE-7BA1-467E-BAD0-7E87272B5305}.Release|Any CPU.Build.0 = Release|Any CPU
		{48FFE6BE-7BA1-467E-BAD0-7E87272B5305}.Release|arm64.ActiveCfg = Release|Any CPU
		{48FFE6BE-7BA1-467E-BAD0-7E87272B5305}.Release|arm64.Build.0 = Release|Any CPU
		{48FFE6BE-7BA1-467E-BAD0-7E87272B5305}.Release|x64.ActiveCfg = Release|Any CPU
		{48FFE6BE-7BA1-467E-BAD0-7E87272B5305}.Release|x64.Build.0 = Release|Any CPU
		{48FFE6BE-7BA1-467E-BAD0-7E87272B5305}.Release|x86.ActiveCfg = Release|Any CPU
		{48FFE6BE-7BA1-467E-BAD0-7E87272B5305}.Release|x86.Build.0 = Release|Any CPU
		{AE77B019-6856-4EC3-B937-520232D190E1}.Debug|Any CPU.ActiveCfg = Debug|Any CPU
		{AE77B019-6856-4EC3-B937-520232D190E1}.Debug|Any CPU.Build.0 = Debug|Any CPU
		{AE77B019-6856-4EC3-B937-520232D190E1}.Debug|arm64.ActiveCfg = Debug|Any CPU
		{AE77B019-6856-4EC3-B937-520232D190E1}.Debug|arm64.Build.0 = Debug|Any CPU
		{AE77B019-6856-4EC3-B937-520232D190E1}.Debug|x64.ActiveCfg = Debug|Any CPU
		{AE77B019-6856-4EC3-B937-520232D190E1}.Debug|x64.Build.0 = Debug|Any CPU
		{AE77B019-6856-4EC3-B937-520232D190E1}.Debug|x86.ActiveCfg = Debug|Any CPU
		{AE77B019-6856-4EC3-B937-520232D190E1}.Debug|x86.Build.0 = Debug|Any CPU
		{AE77B019-6856-4EC3-B937-520232D190E1}.Release|Any CPU.ActiveCfg = Release|Any CPU
		{AE77B019-6856-4EC3-B937-520232D190E1}.Release|Any CPU.Build.0 = Release|Any CPU
		{AE77B019-6856-4EC3-B937-520232D190E1}.Release|arm64.ActiveCfg = Release|Any CPU
		{AE77B019-6856-4EC3-B937-520232D190E1}.Release|arm64.Build.0 = Release|Any CPU
		{AE77B019-6856-4EC3-B937-520232D190E1}.Release|x64.ActiveCfg = Release|Any CPU
		{AE77B019-6856-4EC3-B937-520232D190E1}.Release|x64.Build.0 = Release|Any CPU
		{AE77B019-6856-4EC3-B937-520232D190E1}.Release|x86.ActiveCfg = Release|Any CPU
		{AE77B019-6856-4EC3-B937-520232D190E1}.Release|x86.Build.0 = Release|Any CPU
		{0CDC1ABA-2EA3-49CE-95EE-5DB6D3998319}.Debug|Any CPU.ActiveCfg = Debug|Any CPU
		{0CDC1ABA-2EA3-49CE-95EE-5DB6D3998319}.Debug|Any CPU.Build.0 = Debug|Any CPU
		{0CDC1ABA-2EA3-49CE-95EE-5DB6D3998319}.Debug|arm64.ActiveCfg = Debug|Any CPU
		{0CDC1ABA-2EA3-49CE-95EE-5DB6D3998319}.Debug|arm64.Build.0 = Debug|Any CPU
		{0CDC1ABA-2EA3-49CE-95EE-5DB6D3998319}.Debug|x64.ActiveCfg = Debug|Any CPU
		{0CDC1ABA-2EA3-49CE-95EE-5DB6D3998319}.Debug|x64.Build.0 = Debug|Any CPU
		{0CDC1ABA-2EA3-49CE-95EE-5DB6D3998319}.Debug|x86.ActiveCfg = Debug|Any CPU
		{0CDC1ABA-2EA3-49CE-95EE-5DB6D3998319}.Debug|x86.Build.0 = Debug|Any CPU
		{0CDC1ABA-2EA3-49CE-95EE-5DB6D3998319}.Release|Any CPU.ActiveCfg = Release|Any CPU
		{0CDC1ABA-2EA3-49CE-95EE-5DB6D3998319}.Release|Any CPU.Build.0 = Release|Any CPU
		{0CDC1ABA-2EA3-49CE-95EE-5DB6D3998319}.Release|arm64.ActiveCfg = Release|Any CPU
		{0CDC1ABA-2EA3-49CE-95EE-5DB6D3998319}.Release|arm64.Build.0 = Release|Any CPU
		{0CDC1ABA-2EA3-49CE-95EE-5DB6D3998319}.Release|x64.ActiveCfg = Release|Any CPU
		{0CDC1ABA-2EA3-49CE-95EE-5DB6D3998319}.Release|x64.Build.0 = Release|Any CPU
		{0CDC1ABA-2EA3-49CE-95EE-5DB6D3998319}.Release|x86.ActiveCfg = Release|Any CPU
		{0CDC1ABA-2EA3-49CE-95EE-5DB6D3998319}.Release|x86.Build.0 = Release|Any CPU
		{4B80087E-360F-44A8-A803-226E46D19A90}.Debug|Any CPU.ActiveCfg = Debug|Any CPU
		{4B80087E-360F-44A8-A803-226E46D19A90}.Debug|Any CPU.Build.0 = Debug|Any CPU
		{4B80087E-360F-44A8-A803-226E46D19A90}.Debug|arm64.ActiveCfg = Debug|Any CPU
		{4B80087E-360F-44A8-A803-226E46D19A90}.Debug|arm64.Build.0 = Debug|Any CPU
		{4B80087E-360F-44A8-A803-226E46D19A90}.Debug|x64.ActiveCfg = Debug|Any CPU
		{4B80087E-360F-44A8-A803-226E46D19A90}.Debug|x64.Build.0 = Debug|Any CPU
		{4B80087E-360F-44A8-A803-226E46D19A90}.Debug|x86.ActiveCfg = Debug|Any CPU
		{4B80087E-360F-44A8-A803-226E46D19A90}.Debug|x86.Build.0 = Debug|Any CPU
		{4B80087E-360F-44A8-A803-226E46D19A90}.Release|Any CPU.ActiveCfg = Release|Any CPU
		{4B80087E-360F-44A8-A803-226E46D19A90}.Release|Any CPU.Build.0 = Release|Any CPU
		{4B80087E-360F-44A8-A803-226E46D19A90}.Release|arm64.ActiveCfg = Release|Any CPU
		{4B80087E-360F-44A8-A803-226E46D19A90}.Release|arm64.Build.0 = Release|Any CPU
		{4B80087E-360F-44A8-A803-226E46D19A90}.Release|x64.ActiveCfg = Release|Any CPU
		{4B80087E-360F-44A8-A803-226E46D19A90}.Release|x64.Build.0 = Release|Any CPU
		{4B80087E-360F-44A8-A803-226E46D19A90}.Release|x86.ActiveCfg = Release|Any CPU
		{4B80087E-360F-44A8-A803-226E46D19A90}.Release|x86.Build.0 = Release|Any CPU
	EndGlobalSection
	GlobalSection(SolutionProperties) = preSolution
		HideSolutionNode = FALSE
	EndGlobalSection
	GlobalSection(NestedProjects) = preSolution
		{6259AC7A-22F6-46C8-9E94-0770285FE486} = {EFC17DA9-AFAA-4DC4-A034-47DE9AF2D26D}
		{0BE8CB30-77F8-459D-AB1E-5DDFB2649912} = {EFC17DA9-AFAA-4DC4-A034-47DE9AF2D26D}
		{B8600AA4-4BD4-44E2-B235-B8E3E091F394} = {EFC17DA9-AFAA-4DC4-A034-47DE9AF2D26D}
		{B6412468-9BCB-4C2D-9C52-66ACFCCDA3A3} = {EFC17DA9-AFAA-4DC4-A034-47DE9AF2D26D}
		{00B19D91-8E20-47DF-84BF-F714636921CD} = {7B3B5EB0-B8B8-4562-8C90-C0D9D27A5308}
		{C686EADF-4860-462C-8070-A81F8660E4ED} = {7B3B5EB0-B8B8-4562-8C90-C0D9D27A5308}
		{FEEEFE1A-688F-4FA6-827F-CACF3FCDC266} = {A1F3190E-AB4C-4535-A696-6524AE234C26}
		{48FFE6BE-7BA1-467E-BAD0-7E87272B5305} = {999E3184-7226-4909-A5D6-8DDE9F483FB5}
		{0CDC1ABA-2EA3-49CE-95EE-5DB6D3998319} = {EFC17DA9-AFAA-4DC4-A034-47DE9AF2D26D}
		{4B80087E-360F-44A8-A803-226E46D19A90} = {EFC17DA9-AFAA-4DC4-A034-47DE9AF2D26D}
	EndGlobalSection
	GlobalSection(ExtensibilityGlobals) = postSolution
		SolutionGuid = {91EA8101-00DF-49A0-B4CE-1F119F603083}
	EndGlobalSection
EndGlobal
